lockVersion: 2.0.0
id: d06dab97-9fdb-43c5-969f-fc9cdd82d6a5
management:
  docChecksum: aa82a2fad0c9e7508ce398a8f800e71a
  docVersion: 1.0.0
  speakeasyVersion: internal
  generationVersion: 2.258.2
  releaseVersion: 0.4.2
  configChecksum: c02a49dff6361d79b9e000b50441f364
  repoURL: https://github.com/speakeasy-sdks/tacs-sdk.git
  repoSubDirectory: .
  installationURL: https://github.com/speakeasy-sdks/tacs-sdk
features:
  typescript:
    core: 3.4.7
    globalSecurity: 2.82.2
    globalServerURLs: 2.82.1
generatedFiles:
  - src/sdk/contacts.ts
  - src/sdk/groups.ts
  - src/sdk/tags.ts
  - src/sdk/sdk.ts
  - .eslintrc.yml
  - jest.config.js
  - package-lock.json
  - package.json
  - src/index.ts
  - src/internal/utils/contenttype.ts
  - src/internal/utils/headers.ts
  - src/internal/utils/index.ts
  - src/internal/utils/pathparams.ts
  - src/internal/utils/queryparams.ts
  - src/internal/utils/requestbody.ts
  - src/internal/utils/retries.ts
  - src/internal/utils/security.ts
  - src/internal/utils/utils.ts
  - src/sdk/index.ts
  - src/sdk/models/errors/sdkerror.ts
  - src/sdk/types/index.ts
  - src/sdk/types/rfcdate.ts
  - tsconfig.json
  - src/sdk/models/operations/postcontactstagscontactidadd.ts
  - src/sdk/models/operations/postcontactstagscontactidremove.ts
  - src/sdk/models/operations/postcontactsgroupidcreate.ts
  - src/sdk/models/operations/postcontactsgroupidstatuscontactid.ts
  - src/sdk/models/operations/getgroupslist.ts
  - src/sdk/models/operations/getgroupsgroupid.ts
  - src/sdk/models/operations/postgroupscreate.ts
  - src/sdk/models/operations/postgroupsgroupiddelete.ts
  - src/sdk/models/operations/postgroupsgroupidupdate.ts
  - src/sdk/models/operations/gettagslist.ts
  - src/sdk/models/operations/gettagstagid.ts
  - src/sdk/models/operations/posttagscreate.ts
  - src/sdk/models/operations/posttagstagidupdate.ts
  - src/sdk/models/shared/addcontacttagseresponse.ts
  - src/sdk/models/shared/addcontacttagsrequest.ts
  - src/sdk/models/shared/removecontacttagseresponse.ts
  - src/sdk/models/shared/removecontacttagsrequest.ts
  - src/sdk/models/shared/createcontactresponse.ts
  - src/sdk/models/shared/createcontactrequest.ts
  - src/sdk/models/shared/updatecontactresponse.ts
  - src/sdk/models/shared/updatecontactrequest.ts
  - src/sdk/models/shared/grouplistresponse.ts
  - src/sdk/models/shared/retrievegroupresponse.ts
  - src/sdk/models/shared/creategroupresponse.ts
  - src/sdk/models/shared/creategrouprequest.ts
  - src/sdk/models/shared/deletegroupresponse.ts
  - src/sdk/models/shared/updategroupresponse.ts
  - src/sdk/models/shared/updategrouprequest.ts
  - src/sdk/models/shared/listtagresponse.ts
  - src/sdk/models/shared/retrievetagresponse.ts
  - src/sdk/models/shared/createtagresponse.ts
  - src/sdk/models/shared/createtagrequest.ts
  - src/sdk/models/shared/updatetagresponse.ts
  - src/sdk/models/shared/updatetagrequest.ts
  - src/sdk/models/shared/security.ts
  - src/sdk/models/errors/index.ts
  - src/sdk/models/operations/index.ts
  - src/sdk/models/shared/index.ts
  - docs/sdk/models/operations/postcontactstagscontactidaddrequest.md
  - docs/sdk/models/operations/postcontactstagscontactidaddresponse.md
  - docs/sdk/models/operations/postcontactstagscontactidremoverequest.md
  - docs/sdk/models/operations/postcontactstagscontactidremoveresponse.md
  - docs/sdk/models/operations/postcontactsgroupidcreaterequest.md
  - docs/sdk/models/operations/postcontactsgroupidcreateresponse.md
  - docs/sdk/models/operations/postcontactsgroupidstatuscontactidrequest.md
  - docs/sdk/models/operations/postcontactsgroupidstatuscontactidresponse.md
  - docs/sdk/models/operations/getgroupslistresponse.md
  - docs/sdk/models/operations/getgroupsgroupidrequest.md
  - docs/sdk/models/operations/getgroupsgroupidresponse.md
  - docs/sdk/models/operations/postgroupscreateresponse.md
  - docs/sdk/models/operations/postgroupsgroupiddeleterequest.md
  - docs/sdk/models/operations/postgroupsgroupiddeleteresponse.md
  - docs/sdk/models/operations/postgroupsgroupidupdaterequest.md
  - docs/sdk/models/operations/postgroupsgroupidupdateresponse.md
  - docs/sdk/models/operations/gettagslistresponse.md
  - docs/sdk/models/operations/gettagstagidrequest.md
  - docs/sdk/models/operations/gettagstagidresponse.md
  - docs/sdk/models/operations/posttagscreateresponse.md
  - docs/sdk/models/operations/posttagstagidupdaterequest.md
  - docs/sdk/models/operations/posttagstagidupdateresponse.md
  - docs/sdk/models/shared/data.md
  - docs/sdk/models/shared/addcontacttagseresponse.md
  - docs/sdk/models/shared/addcontacttagsrequest.md
  - docs/sdk/models/shared/removecontacttagseresponsedata.md
  - docs/sdk/models/shared/removecontacttagseresponse.md
  - docs/sdk/models/shared/removecontacttagsrequest.md
  - docs/sdk/models/shared/createcontactresponsedata.md
  - docs/sdk/models/shared/createcontactresponse.md
  - docs/sdk/models/shared/createcontactrequestdata.md
  - docs/sdk/models/shared/createcontactrequest.md
  - docs/sdk/models/shared/updatecontactresponsedata.md
  - docs/sdk/models/shared/updatecontactresponse.md
  - docs/sdk/models/shared/updatecontactrequest.md
  - docs/sdk/models/shared/grouplistresponsedata.md
  - docs/sdk/models/shared/grouplistresponse.md
  - docs/sdk/models/shared/retrievegroupresponsedata.md
  - docs/sdk/models/shared/retrievegroupresponse.md
  - docs/sdk/models/shared/creategroupresponsedata.md
  - docs/sdk/models/shared/creategroupresponse.md
  - docs/sdk/models/shared/creategrouprequest.md
  - docs/sdk/models/shared/deletegroupresponsedata.md
  - docs/sdk/models/shared/deletegroupresponse.md
  - docs/sdk/models/shared/updategroupresponsedata.md
  - docs/sdk/models/shared/updategroupresponse.md
  - docs/sdk/models/shared/updategrouprequest.md
  - docs/sdk/models/shared/listtagresponsedata.md
  - docs/sdk/models/shared/listtagresponse.md
  - docs/sdk/models/shared/retrievetagresponsedata.md
  - docs/sdk/models/shared/retrievetagresponse.md
  - docs/sdk/models/shared/createtagresponsedata.md
  - docs/sdk/models/shared/createtagresponse.md
  - docs/sdk/models/shared/createtagrequest.md
  - docs/sdk/models/shared/updatetagresponsedata.md
  - docs/sdk/models/shared/updatetagresponse.md
  - docs/sdk/models/shared/updatetagrequest.md
  - docs/sdk/models/shared/security.md
  - docs/sdks/tacs/README.md
  - docs/sdks/contacts/README.md
  - docs/sdks/groups/README.md
  - docs/sdks/tags/README.md
  - USAGE.md
  - .gitattributes
